
Microsoft Visual Studio Solution File, Format Version 12.00
# Visual Studio Version 17
VisualStudioVersion = 17.12.35707.178
MinimumVisualStudioVersion = 10.0.40219.1
Project("{2150E333-8FDC-42A3-9474-1A3956D46DE8}") = "Lesson_02", "Lesson_02", "{28497ED4-C16B-49EC-A6F2-C5A4816AB71B}"
EndProject
Project("{FAE04EC0-301F-11D3-BF4B-00C04F79EFBC}") = "Task_02_02", "Task_02_02\Task_02_02.csproj", "{C5889C44-068A-48CB-88F1-C19223A1AFAF}"
EndProject
Project("{FAE04EC0-301F-11D3-BF4B-00C04F79EFBC}") = "Task_02_04", "Task_02_04\Task_02_04.csproj", "{3C056468-24E8-441C-A3C6-0C1946EC77C9}"
EndProject
Project("{2150E333-8FDC-42A3-9474-1A3956D46DE8}") = "Lesson_03", "Lesson_03", "{C7B3191D-6F21-4DFE-8567-236EA2F4F716}"
EndProject
Project("{FAE04EC0-301F-11D3-BF4B-00C04F79EFBC}") = "Task_03_04", "Task_03_04\Task_03_04.csproj", "{EE00EA7D-01C2-4CE4-BE7E-0D2BC2A74C62}"
EndProject
Project("{FAE04EC0-301F-11D3-BF4B-00C04F79EFBC}") = "Task_03_05", "Task_03_05\Task_03_05.csproj", "{4AA9296B-56FD-4BD2-81C0-ED65B7DBB3C1}"
EndProject
Project("{FAE04EC0-301F-11D3-BF4B-00C04F79EFBC}") = "Task_03_06", "Task_03_06\Task_03_06.csproj", "{701B96D8-842F-4AC5-A23D-1ABFCB6822B3}"
EndProject
Project("{FAE04EC0-301F-11D3-BF4B-00C04F79EFBC}") = "Task_03_07", "Task_03_07\Task_03_07.csproj", "{DAFE1880-769C-41FC-851D-01028E871C22}"
EndProject
Project("{FAE04EC0-301F-11D3-BF4B-00C04F79EFBC}") = "Task_03_08", "Task_03_08\Task_03_08.csproj", "{561AAC5A-B507-42AA-9BC8-6203711B3EB2}"
EndProject
Project("{FAE04EC0-301F-11D3-BF4B-00C04F79EFBC}") = "Task_03_09", "Task_03_09\Task_03_09.csproj", "{8B62A798-92A2-4BB5-B1BA-DA96212747E7}"
EndProject
Project("{2150E333-8FDC-42A3-9474-1A3956D46DE8}") = "Lesson_04", "Lesson_04", "{827C7E42-77A5-4338-9903-04CB8AD2C6C8}"
EndProject
Project("{FAE04EC0-301F-11D3-BF4B-00C04F79EFBC}") = "Task_04_05", "Task_04_05\Task_04_05.csproj", "{DB706259-B64C-4B50-B496-8498FBE7876C}"
EndProject
Project("{FAE04EC0-301F-11D3-BF4B-00C04F79EFBC}") = "Task_04_06", "Task_04_06\Task_04_06.csproj", "{1B8D456E-4707-4221-99B5-49056ADA56E5}"
EndProject
Project("{FAE04EC0-301F-11D3-BF4B-00C04F79EFBC}") = "Task_04_07", "Task_04_07\Task_04_07.csproj", "{BF6C3381-DE03-4AAE-BE91-BF95CA0DC5FA}"
EndProject
Project("{FAE04EC0-301F-11D3-BF4B-00C04F79EFBC}") = "Task_04_08", "Task_04_08\Task_04_08.csproj", "{10DB817E-95AB-4E24-B5BA-4CD3A41C65D5}"
EndProject
Project("{FAE04EC0-301F-11D3-BF4B-00C04F79EFBC}") = "Task_04_09", "Task_04_09\Task_04_09.csproj", "{B521D5F4-E82D-48A3-9880-681E8AFC16E5}"
EndProject
Project("{FAE04EC0-301F-11D3-BF4B-00C04F79EFBC}") = "Task_04_10", "Task_04_10\Task_04_10.csproj", "{ABCDD278-8821-4B58-9C5F-242F0AA440C9}"
EndProject
Project("{2150E333-8FDC-42A3-9474-1A3956D46DE8}") = "Lesson_05", "Lesson_05", "{59219356-E091-4DFA-9959-21D23C0A9F58}"
EndProject
Project("{FAE04EC0-301F-11D3-BF4B-00C04F79EFBC}") = "Task_05_03", "Task_05_03\Task_05_03.csproj", "{67267E4A-5AE5-446E-BE50-2B5F7E0F8E01}"
EndProject
Project("{FAE04EC0-301F-11D3-BF4B-00C04F79EFBC}") = "Task_05_04", "Task_05_04\Task_05_04.csproj", "{6767FAE1-3E5D-4F2D-8C4F-DC2876A34856}"
EndProject
Project("{FAE04EC0-301F-11D3-BF4B-00C04F79EFBC}") = "Task_05_05", "Task_05_05\Task_05_05.csproj", "{EF7D8DE6-FFC4-4FD0-8512-50F4424F8040}"
EndProject
Project("{FAE04EC0-301F-11D3-BF4B-00C04F79EFBC}") = "Task_05_06", "Task_05_06\Task_05_06.csproj", "{FDFB09E7-31A2-45FF-9989-39E8A2C2BAE0}"
EndProject
Project("{FAE04EC0-301F-11D3-BF4B-00C04F79EFBC}") = "Task_05_07", "Task_05_07\Task_05_07.csproj", "{FC9AC0C3-5892-4033-A6AA-979F3BA4FE44}"
EndProject
Project("{FAE04EC0-301F-11D3-BF4B-00C04F79EFBC}") = "Task_05_08", "Task_05_08\Task_05_08.csproj", "{41F4E04F-3022-4FB4-B5B6-BD9A802FDDB6}"
EndProject
Project("{FAE04EC0-301F-11D3-BF4B-00C04F79EFBC}") = "Task_05_09", "Task_05_09\Task_05_09.csproj", "{1BB8EB8B-360E-4644-9D79-C3C5D140A058}"
EndProject
Project("{2150E333-8FDC-42A3-9474-1A3956D46DE8}") = "Lesson_10", "Lesson_10", "{E8D35872-2F64-439C-8CB2-0CA5ADC23DE4}"
EndProject
Project("{FAE04EC0-301F-11D3-BF4B-00C04F79EFBC}") = "Task_10_06", "Task_10_06\Task_10_06.csproj", "{844FD7C7-F64A-4F31-A8CB-C2AE9E940C02}"
EndProject
Project("{FAE04EC0-301F-11D3-BF4B-00C04F79EFBC}") = "Task_10_07", "Task_10_07\Task_10_07.csproj", "{01D9A768-77B7-40DE-8CB4-A69995DC17B7}"
EndProject
Project("{FAE04EC0-301F-11D3-BF4B-00C04F79EFBC}") = "Task_10_08", "Task_10_08\Task_10_08.csproj", "{CEEAA133-9A24-4A52-A8D7-A14E48B0590B}"
EndProject
Project("{2150E333-8FDC-42A3-9474-1A3956D46DE8}") = "Lesson_11", "Lesson_11", "{498E9FF3-40F1-414C-AC4B-5260B75D0E73}"
EndProject
Project("{FAE04EC0-301F-11D3-BF4B-00C04F79EFBC}") = "Task_11_01", "Task_11_01\Task_11_01.csproj", "{EF29ACCB-2331-4103-90D0-03CD01B3AF5C}"
EndProject
Project("{FAE04EC0-301F-11D3-BF4B-00C04F79EFBC}") = "Task_11_02", "Task_11_02\Task_11_02.csproj", "{725D5BFC-EC44-4C7B-AD90-886B99E7B298}"
EndProject
Project("{FAE04EC0-301F-11D3-BF4B-00C04F79EFBC}") = "Task_11_03", "Task_11_03\Task_11_03.csproj", "{77308B33-AC5C-4DC8-B212-A93926EE4CE2}"
EndProject
Project("{FAE04EC0-301F-11D3-BF4B-00C04F79EFBC}") = "Task_11_04", "Task_11_04\Task_11_04.csproj", "{EA690A17-BDD6-4FAD-B696-EAAB2F76FB30}"
EndProject
Project("{FAE04EC0-301F-11D3-BF4B-00C04F79EFBC}") = "Task_11_05", "Task_11_05\Task_11_05.csproj", "{87BBC3CE-E330-4DD4-9C6A-F539DC5A5C7E}"
EndProject
Project("{FAE04EC0-301F-11D3-BF4B-00C04F79EFBC}") = "Task_11_06", "Task_11_06\Task_11_06.csproj", "{C7BFA0FF-CE1A-4324-80D5-D69D2C93681E}"
EndProject
Project("{FAE04EC0-301F-11D3-BF4B-00C04F79EFBC}") = "Task_11_07", "Task_11_07\Task_11_07.csproj", "{E4295A72-BCEF-4E78-B491-81ED33AD977B}"
EndProject
Project("{FAE04EC0-301F-11D3-BF4B-00C04F79EFBC}") = "Task_11_08", "Task_11_08\Task_11_08.csproj", "{023D22CF-9FCB-4AF6-9FA6-D035DD2FEA1B}"
EndProject
Project("{2150E333-8FDC-42A3-9474-1A3956D46DE8}") = "Lesson_13", "Lesson_13", "{15D75BAE-6EA3-483A-ABB9-7F871AF32661}"
EndProject
Project("{FAE04EC0-301F-11D3-BF4B-00C04F79EFBC}") = "Task_13_02", "Task_13_02\Task_13_02.csproj", "{05A4E33A-0C66-4E75-9616-53B67986A928}"
EndProject
Project("{FAE04EC0-301F-11D3-BF4B-00C04F79EFBC}") = "Task_13_03", "Task_13_03\Task_13_03.csproj", "{41D80136-1647-41CC-9A55-3CDFE63305D9}"
EndProject
Project("{2150E333-8FDC-42A3-9474-1A3956D46DE8}") = "Lesson_14", "Lesson_14", "{9B893321-19F7-47E0-9AEC-C72E88F08CF5}"
EndProject
Project("{FAE04EC0-301F-11D3-BF4B-00C04F79EFBC}") = "Task_14_03", "Task_14_03\Task_14_03.csproj", "{90787858-AD7D-4A2A-A382-5E0E26A31282}"
EndProject
Project("{FAE04EC0-301F-11D3-BF4B-00C04F79EFBC}") = "Task_14_04", "Task_14_04\Task_14_04.csproj", "{3C4AE6C9-3C86-4C87-B00F-0BA26FF673FC}"
EndProject
Project("{2150E333-8FDC-42A3-9474-1A3956D46DE8}") = "Lesson_19", "Lesson_19", "{83A5F25C-7D5A-46FC-BBB8-3F19501A4DB1}"
EndProject
Project("{FAE04EC0-301F-11D3-BF4B-00C04F79EFBC}") = "Task_19_01", "Task_19_01\Task_19_01.csproj", "{6D3F52E4-13AB-46C0-A3B8-7499D666782D}"
EndProject
Project("{FAE04EC0-301F-11D3-BF4B-00C04F79EFBC}") = "Task_19_02", "Task_19_02\Task_19_02.csproj", "{B64F3E04-E0EA-4FA0-A7EF-3ADC73C86A6A}"
EndProject
Project("{FAE04EC0-301F-11D3-BF4B-00C04F79EFBC}") = "Task_19_03", "Task_19_03\Task_19_03.csproj", "{2E54CB81-190A-4F82-8E23-3907CDF176B5}"
EndProject
Project("{2150E333-8FDC-42A3-9474-1A3956D46DE8}") = "Lesson_20", "Lesson_20", "{280CE628-03DF-45AE-AB0F-DF3BC67C1108}"
EndProject
Project("{FAE04EC0-301F-11D3-BF4B-00C04F79EFBC}") = "Task_20_04", "Task_20_04\Task_20_04.csproj", "{0689D648-C9BD-471C-B1ED-1F857FFBA3EA}"
EndProject
Global
	GlobalSection(SolutionConfigurationPlatforms) = preSolution
		Debug|Any CPU = Debug|Any CPU
		Release|Any CPU = Release|Any CPU
	EndGlobalSection
	GlobalSection(ProjectConfigurationPlatforms) = postSolution
		{C5889C44-068A-48CB-88F1-C19223A1AFAF}.Debug|Any CPU.ActiveCfg = Debug|Any CPU
		{C5889C44-068A-48CB-88F1-C19223A1AFAF}.Debug|Any CPU.Build.0 = Debug|Any CPU
		{C5889C44-068A-48CB-88F1-C19223A1AFAF}.Release|Any CPU.ActiveCfg = Release|Any CPU
		{C5889C44-068A-48CB-88F1-C19223A1AFAF}.Release|Any CPU.Build.0 = Release|Any CPU
		{3C056468-24E8-441C-A3C6-0C1946EC77C9}.Debug|Any CPU.ActiveCfg = Debug|Any CPU
		{3C056468-24E8-441C-A3C6-0C1946EC77C9}.Debug|Any CPU.Build.0 = Debug|Any CPU
		{3C056468-24E8-441C-A3C6-0C1946EC77C9}.Release|Any CPU.ActiveCfg = Release|Any CPU
		{3C056468-24E8-441C-A3C6-0C1946EC77C9}.Release|Any CPU.Build.0 = Release|Any CPU
		{EE00EA7D-01C2-4CE4-BE7E-0D2BC2A74C62}.Debug|Any CPU.ActiveCfg = Debug|Any CPU
		{EE00EA7D-01C2-4CE4-BE7E-0D2BC2A74C62}.Debug|Any CPU.Build.0 = Debug|Any CPU
		{EE00EA7D-01C2-4CE4-BE7E-0D2BC2A74C62}.Release|Any CPU.ActiveCfg = Release|Any CPU
		{EE00EA7D-01C2-4CE4-BE7E-0D2BC2A74C62}.Release|Any CPU.Build.0 = Release|Any CPU
		{4AA9296B-56FD-4BD2-81C0-ED65B7DBB3C1}.Debug|Any CPU.ActiveCfg = Debug|Any CPU
		{4AA9296B-56FD-4BD2-81C0-ED65B7DBB3C1}.Debug|Any CPU.Build.0 = Debug|Any CPU
		{4AA9296B-56FD-4BD2-81C0-ED65B7DBB3C1}.Release|Any CPU.ActiveCfg = Release|Any CPU
		{4AA9296B-56FD-4BD2-81C0-ED65B7DBB3C1}.Release|Any CPU.Build.0 = Release|Any CPU
		{701B96D8-842F-4AC5-A23D-1ABFCB6822B3}.Debug|Any CPU.ActiveCfg = Debug|Any CPU
		{701B96D8-842F-4AC5-A23D-1ABFCB6822B3}.Debug|Any CPU.Build.0 = Debug|Any CPU
		{701B96D8-842F-4AC5-A23D-1ABFCB6822B3}.Release|Any CPU.ActiveCfg = Release|Any CPU
		{701B96D8-842F-4AC5-A23D-1ABFCB6822B3}.Release|Any CPU.Build.0 = Release|Any CPU
		{DAFE1880-769C-41FC-851D-01028E871C22}.Debug|Any CPU.ActiveCfg = Debug|Any CPU
		{DAFE1880-769C-41FC-851D-01028E871C22}.Debug|Any CPU.Build.0 = Debug|Any CPU
		{DAFE1880-769C-41FC-851D-01028E871C22}.Release|Any CPU.ActiveCfg = Release|Any CPU
		{DAFE1880-769C-41FC-851D-01028E871C22}.Release|Any CPU.Build.0 = Release|Any CPU
		{561AAC5A-B507-42AA-9BC8-6203711B3EB2}.Debug|Any CPU.ActiveCfg = Debug|Any CPU
		{561AAC5A-B507-42AA-9BC8-6203711B3EB2}.Debug|Any CPU.Build.0 = Debug|Any CPU
		{561AAC5A-B507-42AA-9BC8-6203711B3EB2}.Release|Any CPU.ActiveCfg = Release|Any CPU
		{561AAC5A-B507-42AA-9BC8-6203711B3EB2}.Release|Any CPU.Build.0 = Release|Any CPU
		{8B62A798-92A2-4BB5-B1BA-DA96212747E7}.Debug|Any CPU.ActiveCfg = Debug|Any CPU
		{8B62A798-92A2-4BB5-B1BA-DA96212747E7}.Debug|Any CPU.Build.0 = Debug|Any CPU
		{8B62A798-92A2-4BB5-B1BA-DA96212747E7}.Release|Any CPU.ActiveCfg = Release|Any CPU
		{8B62A798-92A2-4BB5-B1BA-DA96212747E7}.Release|Any CPU.Build.0 = Release|Any CPU
		{DB706259-B64C-4B50-B496-8498FBE7876C}.Debug|Any CPU.ActiveCfg = Debug|Any CPU
		{DB706259-B64C-4B50-B496-8498FBE7876C}.Debug|Any CPU.Build.0 = Debug|Any CPU
		{DB706259-B64C-4B50-B496-8498FBE7876C}.Release|Any CPU.ActiveCfg = Release|Any CPU
		{DB706259-B64C-4B50-B496-8498FBE7876C}.Release|Any CPU.Build.0 = Release|Any CPU
		{1B8D456E-4707-4221-99B5-49056ADA56E5}.Debug|Any CPU.ActiveCfg = Debug|Any CPU
		{1B8D456E-4707-4221-99B5-49056ADA56E5}.Debug|Any CPU.Build.0 = Debug|Any CPU
		{1B8D456E-4707-4221-99B5-49056ADA56E5}.Release|Any CPU.ActiveCfg = Release|Any CPU
		{1B8D456E-4707-4221-99B5-49056ADA56E5}.Release|Any CPU.Build.0 = Release|Any CPU
		{BF6C3381-DE03-4AAE-BE91-BF95CA0DC5FA}.Debug|Any CPU.ActiveCfg = Debug|Any CPU
		{BF6C3381-DE03-4AAE-BE91-BF95CA0DC5FA}.Debug|Any CPU.Build.0 = Debug|Any CPU
		{BF6C3381-DE03-4AAE-BE91-BF95CA0DC5FA}.Release|Any CPU.ActiveCfg = Release|Any CPU
		{BF6C3381-DE03-4AAE-BE91-BF95CA0DC5FA}.Release|Any CPU.Build.0 = Release|Any CPU
		{10DB817E-95AB-4E24-B5BA-4CD3A41C65D5}.Debug|Any CPU.ActiveCfg = Debug|Any CPU
		{10DB817E-95AB-4E24-B5BA-4CD3A41C65D5}.Debug|Any CPU.Build.0 = Debug|Any CPU
		{10DB817E-95AB-4E24-B5BA-4CD3A41C65D5}.Release|Any CPU.ActiveCfg = Release|Any CPU
		{10DB817E-95AB-4E24-B5BA-4CD3A41C65D5}.Release|Any CPU.Build.0 = Release|Any CPU
		{B521D5F4-E82D-48A3-9880-681E8AFC16E5}.Debug|Any CPU.ActiveCfg = Debug|Any CPU
		{B521D5F4-E82D-48A3-9880-681E8AFC16E5}.Debug|Any CPU.Build.0 = Debug|Any CPU
		{B521D5F4-E82D-48A3-9880-681E8AFC16E5}.Release|Any CPU.ActiveCfg = Release|Any CPU
		{B521D5F4-E82D-48A3-9880-681E8AFC16E5}.Release|Any CPU.Build.0 = Release|Any CPU
		{ABCDD278-8821-4B58-9C5F-242F0AA440C9}.Debug|Any CPU.ActiveCfg = Debug|Any CPU
		{ABCDD278-8821-4B58-9C5F-242F0AA440C9}.Debug|Any CPU.Build.0 = Debug|Any CPU
		{ABCDD278-8821-4B58-9C5F-242F0AA440C9}.Release|Any CPU.ActiveCfg = Release|Any CPU
		{ABCDD278-8821-4B58-9C5F-242F0AA440C9}.Release|Any CPU.Build.0 = Release|Any CPU
		{67267E4A-5AE5-446E-BE50-2B5F7E0F8E01}.Debug|Any CPU.ActiveCfg = Debug|Any CPU
		{67267E4A-5AE5-446E-BE50-2B5F7E0F8E01}.Debug|Any CPU.Build.0 = Debug|Any CPU
		{67267E4A-5AE5-446E-BE50-2B5F7E0F8E01}.Release|Any CPU.ActiveCfg = Release|Any CPU
		{67267E4A-5AE5-446E-BE50-2B5F7E0F8E01}.Release|Any CPU.Build.0 = Release|Any CPU
		{6767FAE1-3E5D-4F2D-8C4F-DC2876A34856}.Debug|Any CPU.ActiveCfg = Debug|Any CPU
		{6767FAE1-3E5D-4F2D-8C4F-DC2876A34856}.Debug|Any CPU.Build.0 = Debug|Any CPU
		{6767FAE1-3E5D-4F2D-8C4F-DC2876A34856}.Release|Any CPU.ActiveCfg = Release|Any CPU
		{6767FAE1-3E5D-4F2D-8C4F-DC2876A34856}.Release|Any CPU.Build.0 = Release|Any CPU
		{EF7D8DE6-FFC4-4FD0-8512-50F4424F8040}.Debug|Any CPU.ActiveCfg = Debug|Any CPU
		{EF7D8DE6-FFC4-4FD0-8512-50F4424F8040}.Debug|Any CPU.Build.0 = Debug|Any CPU
		{EF7D8DE6-FFC4-4FD0-8512-50F4424F8040}.Release|Any CPU.ActiveCfg = Release|Any CPU
		{EF7D8DE6-FFC4-4FD0-8512-50F4424F8040}.Release|Any CPU.Build.0 = Release|Any CPU
		{FDFB09E7-31A2-45FF-9989-39E8A2C2BAE0}.Debug|Any CPU.ActiveCfg = Debug|Any CPU
		{FDFB09E7-31A2-45FF-9989-39E8A2C2BAE0}.Debug|Any CPU.Build.0 = Debug|Any CPU
		{FDFB09E7-31A2-45FF-9989-39E8A2C2BAE0}.Release|Any CPU.ActiveCfg = Release|Any CPU
		{FDFB09E7-31A2-45FF-9989-39E8A2C2BAE0}.Release|Any CPU.Build.0 = Release|Any CPU
		{FC9AC0C3-5892-4033-A6AA-979F3BA4FE44}.Debug|Any CPU.ActiveCfg = Debug|Any CPU
		{FC9AC0C3-5892-4033-A6AA-979F3BA4FE44}.Debug|Any CPU.Build.0 = Debug|Any CPU
		{FC9AC0C3-5892-4033-A6AA-979F3BA4FE44}.Release|Any CPU.ActiveCfg = Release|Any CPU
		{FC9AC0C3-5892-4033-A6AA-979F3BA4FE44}.Release|Any CPU.Build.0 = Release|Any CPU
		{41F4E04F-3022-4FB4-B5B6-BD9A802FDDB6}.Debug|Any CPU.ActiveCfg = Debug|Any CPU
		{41F4E04F-3022-4FB4-B5B6-BD9A802FDDB6}.Debug|Any CPU.Build.0 = Debug|Any CPU
		{41F4E04F-3022-4FB4-B5B6-BD9A802FDDB6}.Release|Any CPU.ActiveCfg = Release|Any CPU
		{41F4E04F-3022-4FB4-B5B6-BD9A802FDDB6}.Release|Any CPU.Build.0 = Release|Any CPU
		{1BB8EB8B-360E-4644-9D79-C3C5D140A058}.Debug|Any CPU.ActiveCfg = Debug|Any CPU
		{1BB8EB8B-360E-4644-9D79-C3C5D140A058}.Debug|Any CPU.Build.0 = Debug|Any CPU
		{1BB8EB8B-360E-4644-9D79-C3C5D140A058}.Release|Any CPU.ActiveCfg = Release|Any CPU
		{1BB8EB8B-360E-4644-9D79-C3C5D140A058}.Release|Any CPU.Build.0 = Release|Any CPU
		{844FD7C7-F64A-4F31-A8CB-C2AE9E940C02}.Debug|Any CPU.ActiveCfg = Debug|Any CPU
		{844FD7C7-F64A-4F31-A8CB-C2AE9E940C02}.Debug|Any CPU.Build.0 = Debug|Any CPU
		{844FD7C7-F64A-4F31-A8CB-C2AE9E940C02}.Release|Any CPU.ActiveCfg = Release|Any CPU
		{844FD7C7-F64A-4F31-A8CB-C2AE9E940C02}.Release|Any CPU.Build.0 = Release|Any CPU
		{01D9A768-77B7-40DE-8CB4-A69995DC17B7}.Debug|Any CPU.ActiveCfg = Debug|Any CPU
		{01D9A768-77B7-40DE-8CB4-A69995DC17B7}.Debug|Any CPU.Build.0 = Debug|Any CPU
		{01D9A768-77B7-40DE-8CB4-A69995DC17B7}.Release|Any CPU.ActiveCfg = Release|Any CPU
		{01D9A768-77B7-40DE-8CB4-A69995DC17B7}.Release|Any CPU.Build.0 = Release|Any CPU
		{CEEAA133-9A24-4A52-A8D7-A14E48B0590B}.Debug|Any CPU.ActiveCfg = Debug|Any CPU
		{CEEAA133-9A24-4A52-A8D7-A14E48B0590B}.Debug|Any CPU.Build.0 = Debug|Any CPU
		{CEEAA133-9A24-4A52-A8D7-A14E48B0590B}.Release|Any CPU.ActiveCfg = Release|Any CPU
		{CEEAA133-9A24-4A52-A8D7-A14E48B0590B}.Release|Any CPU.Build.0 = Release|Any CPU
		{EF29ACCB-2331-4103-90D0-03CD01B3AF5C}.Debug|Any CPU.ActiveCfg = Debug|Any CPU
		{EF29ACCB-2331-4103-90D0-03CD01B3AF5C}.Debug|Any CPU.Build.0 = Debug|Any CPU
		{EF29ACCB-2331-4103-90D0-03CD01B3AF5C}.Release|Any CPU.ActiveCfg = Release|Any CPU
		{EF29ACCB-2331-4103-90D0-03CD01B3AF5C}.Release|Any CPU.Build.0 = Release|Any CPU
		{725D5BFC-EC44-4C7B-AD90-886B99E7B298}.Debug|Any CPU.ActiveCfg = Debug|Any CPU
		{725D5BFC-EC44-4C7B-AD90-886B99E7B298}.Debug|Any CPU.Build.0 = Debug|Any CPU
		{725D5BFC-EC44-4C7B-AD90-886B99E7B298}.Release|Any CPU.ActiveCfg = Release|Any CPU
		{725D5BFC-EC44-4C7B-AD90-886B99E7B298}.Release|Any CPU.Build.0 = Release|Any CPU
		{77308B33-AC5C-4DC8-B212-A93926EE4CE2}.Debug|Any CPU.ActiveCfg = Debug|Any CPU
		{77308B33-AC5C-4DC8-B212-A93926EE4CE2}.Debug|Any CPU.Build.0 = Debug|Any CPU
		{77308B33-AC5C-4DC8-B212-A93926EE4CE2}.Release|Any CPU.ActiveCfg = Release|Any CPU
		{77308B33-AC5C-4DC8-B212-A93926EE4CE2}.Release|Any CPU.Build.0 = Release|Any CPU
		{EA690A17-BDD6-4FAD-B696-EAAB2F76FB30}.Debug|Any CPU.ActiveCfg = Debug|Any CPU
		{EA690A17-BDD6-4FAD-B696-EAAB2F76FB30}.Debug|Any CPU.Build.0 = Debug|Any CPU
		{EA690A17-BDD6-4FAD-B696-EAAB2F76FB30}.Release|Any CPU.ActiveCfg = Release|Any CPU
		{EA690A17-BDD6-4FAD-B696-EAAB2F76FB30}.Release|Any CPU.Build.0 = Release|Any CPU
		{87BBC3CE-E330-4DD4-9C6A-F539DC5A5C7E}.Debug|Any CPU.ActiveCfg = Debug|Any CPU
		{87BBC3CE-E330-4DD4-9C6A-F539DC5A5C7E}.Debug|Any CPU.Build.0 = Debug|Any CPU
		{87BBC3CE-E330-4DD4-9C6A-F539DC5A5C7E}.Release|Any CPU.ActiveCfg = Release|Any CPU
		{87BBC3CE-E330-4DD4-9C6A-F539DC5A5C7E}.Release|Any CPU.Build.0 = Release|Any CPU
		{C7BFA0FF-CE1A-4324-80D5-D69D2C93681E}.Debug|Any CPU.ActiveCfg = Debug|Any CPU
		{C7BFA0FF-CE1A-4324-80D5-D69D2C93681E}.Debug|Any CPU.Build.0 = Debug|Any CPU
		{C7BFA0FF-CE1A-4324-80D5-D69D2C93681E}.Release|Any CPU.ActiveCfg = Release|Any CPU
		{C7BFA0FF-CE1A-4324-80D5-D69D2C93681E}.Release|Any CPU.Build.0 = Release|Any CPU
		{E4295A72-BCEF-4E78-B491-81ED33AD977B}.Debug|Any CPU.ActiveCfg = Debug|Any CPU
		{E4295A72-BCEF-4E78-B491-81ED33AD977B}.Debug|Any CPU.Build.0 = Debug|Any CPU
		{E4295A72-BCEF-4E78-B491-81ED33AD977B}.Release|Any CPU.ActiveCfg = Release|Any CPU
		{E4295A72-BCEF-4E78-B491-81ED33AD977B}.Release|Any CPU.Build.0 = Release|Any CPU
		{023D22CF-9FCB-4AF6-9FA6-D035DD2FEA1B}.Debug|Any CPU.ActiveCfg = Debug|Any CPU
		{023D22CF-9FCB-4AF6-9FA6-D035DD2FEA1B}.Debug|Any CPU.Build.0 = Debug|Any CPU
		{023D22CF-9FCB-4AF6-9FA6-D035DD2FEA1B}.Release|Any CPU.ActiveCfg = Release|Any CPU
		{023D22CF-9FCB-4AF6-9FA6-D035DD2FEA1B}.Release|Any CPU.Build.0 = Release|Any CPU
		{05A4E33A-0C66-4E75-9616-53B67986A928}.Debug|Any CPU.ActiveCfg = Debug|Any CPU
		{05A4E33A-0C66-4E75-9616-53B67986A928}.Debug|Any CPU.Build.0 = Debug|Any CPU
		{05A4E33A-0C66-4E75-9616-53B67986A928}.Release|Any CPU.ActiveCfg = Release|Any CPU
		{05A4E33A-0C66-4E75-9616-53B67986A928}.Release|Any CPU.Build.0 = Release|Any CPU
		{41D80136-1647-41CC-9A55-3CDFE63305D9}.Debug|Any CPU.ActiveCfg = Debug|Any CPU
		{41D80136-1647-41CC-9A55-3CDFE63305D9}.Debug|Any CPU.Build.0 = Debug|Any CPU
		{41D80136-1647-41CC-9A55-3CDFE63305D9}.Release|Any CPU.ActiveCfg = Release|Any CPU
		{41D80136-1647-41CC-9A55-3CDFE63305D9}.Release|Any CPU.Build.0 = Release|Any CPU
		{90787858-AD7D-4A2A-A382-5E0E26A31282}.Debug|Any CPU.ActiveCfg = Debug|Any CPU
		{90787858-AD7D-4A2A-A382-5E0E26A31282}.Debug|Any CPU.Build.0 = Debug|Any CPU
		{90787858-AD7D-4A2A-A382-5E0E26A31282}.Release|Any CPU.ActiveCfg = Release|Any CPU
		{90787858-AD7D-4A2A-A382-5E0E26A31282}.Release|Any CPU.Build.0 = Release|Any CPU
		{3C4AE6C9-3C86-4C87-B00F-0BA26FF673FC}.Debug|Any CPU.ActiveCfg = Debug|Any CPU
		{3C4AE6C9-3C86-4C87-B00F-0BA26FF673FC}.Debug|Any CPU.Build.0 = Debug|Any CPU
		{3C4AE6C9-3C86-4C87-B00F-0BA26FF673FC}.Release|Any CPU.ActiveCfg = Release|Any CPU
		{3C4AE6C9-3C86-4C87-B00F-0BA26FF673FC}.Release|Any CPU.Build.0 = Release|Any CPU
		{6D3F52E4-13AB-46C0-A3B8-7499D666782D}.Debug|Any CPU.ActiveCfg = Debug|Any CPU
		{6D3F52E4-13AB-46C0-A3B8-7499D666782D}.Debug|Any CPU.Build.0 = Debug|Any CPU
		{6D3F52E4-13AB-46C0-A3B8-7499D666782D}.Release|Any CPU.ActiveCfg = Release|Any CPU
		{6D3F52E4-13AB-46C0-A3B8-7499D666782D}.Release|Any CPU.Build.0 = Release|Any CPU
		{B64F3E04-E0EA-4FA0-A7EF-3ADC73C86A6A}.Debug|Any CPU.ActiveCfg = Debug|Any CPU
		{B64F3E04-E0EA-4FA0-A7EF-3ADC73C86A6A}.Debug|Any CPU.Build.0 = Debug|Any CPU
		{B64F3E04-E0EA-4FA0-A7EF-3ADC73C86A6A}.Release|Any CPU.ActiveCfg = Release|Any CPU
		{B64F3E04-E0EA-4FA0-A7EF-3ADC73C86A6A}.Release|Any CPU.Build.0 = Release|Any CPU
		{2E54CB81-190A-4F82-8E23-3907CDF176B5}.Debug|Any CPU.ActiveCfg = Debug|Any CPU
		{2E54CB81-190A-4F82-8E23-3907CDF176B5}.Debug|Any CPU.Build.0 = Debug|Any CPU
		{2E54CB81-190A-4F82-8E23-3907CDF176B5}.Release|Any CPU.ActiveCfg = Release|Any CPU
		{2E54CB81-190A-4F82-8E23-3907CDF176B5}.Release|Any CPU.Build.0 = Release|Any CPU
		{0689D648-C9BD-471C-B1ED-1F857FFBA3EA}.Debug|Any CPU.ActiveCfg = Debug|Any CPU
		{0689D648-C9BD-471C-B1ED-1F857FFBA3EA}.Debug|Any CPU.Build.0 = Debug|Any CPU
		{0689D648-C9BD-471C-B1ED-1F857FFBA3EA}.Release|Any CPU.ActiveCfg = Release|Any CPU
		{0689D648-C9BD-471C-B1ED-1F857FFBA3EA}.Release|Any CPU.Build.0 = Release|Any CPU
	EndGlobalSection
	GlobalSection(SolutionProperties) = preSolution
		HideSolutionNode = FALSE
	EndGlobalSection
	GlobalSection(NestedProjects) = preSolution
		{C5889C44-068A-48CB-88F1-C19223A1AFAF} = {28497ED4-C16B-49EC-A6F2-C5A4816AB71B}
		{3C056468-24E8-441C-A3C6-0C1946EC77C9} = {28497ED4-C16B-49EC-A6F2-C5A4816AB71B}
		{EE00EA7D-01C2-4CE4-BE7E-0D2BC2A74C62} = {C7B3191D-6F21-4DFE-8567-236EA2F4F716}
		{4AA9296B-56FD-4BD2-81C0-ED65B7DBB3C1} = {C7B3191D-6F21-4DFE-8567-236EA2F4F716}
		{701B96D8-842F-4AC5-A23D-1ABFCB6822B3} = {C7B3191D-6F21-4DFE-8567-236EA2F4F716}
		{DAFE1880-769C-41FC-851D-01028E871C22} = {C7B3191D-6F21-4DFE-8567-236EA2F4F716}
		{561AAC5A-B507-42AA-9BC8-6203711B3EB2} = {C7B3191D-6F21-4DFE-8567-236EA2F4F716}
		{8B62A798-92A2-4BB5-B1BA-DA96212747E7} = {C7B3191D-6F21-4DFE-8567-236EA2F4F716}
		{DB706259-B64C-4B50-B496-8498FBE7876C} = {827C7E42-77A5-4338-9903-04CB8AD2C6C8}
		{1B8D456E-4707-4221-99B5-49056ADA56E5} = {827C7E42-77A5-4338-9903-04CB8AD2C6C8}
		{BF6C3381-DE03-4AAE-BE91-BF95CA0DC5FA} = {827C7E42-77A5-4338-9903-04CB8AD2C6C8}
		{10DB817E-95AB-4E24-B5BA-4CD3A41C65D5} = {827C7E42-77A5-4338-9903-04CB8AD2C6C8}
		{B521D5F4-E82D-48A3-9880-681E8AFC16E5} = {827C7E42-77A5-4338-9903-04CB8AD2C6C8}
		{ABCDD278-8821-4B58-9C5F-242F0AA440C9} = {827C7E42-77A5-4338-9903-04CB8AD2C6C8}
		{67267E4A-5AE5-446E-BE50-2B5F7E0F8E01} = {59219356-E091-4DFA-9959-21D23C0A9F58}
		{6767FAE1-3E5D-4F2D-8C4F-DC2876A34856} = {59219356-E091-4DFA-9959-21D23C0A9F58}
		{EF7D8DE6-FFC4-4FD0-8512-50F4424F8040} = {59219356-E091-4DFA-9959-21D23C0A9F58}
		{FDFB09E7-31A2-45FF-9989-39E8A2C2BAE0} = {59219356-E091-4DFA-9959-21D23C0A9F58}
		{FC9AC0C3-5892-4033-A6AA-979F3BA4FE44} = {59219356-E091-4DFA-9959-21D23C0A9F58}
		{41F4E04F-3022-4FB4-B5B6-BD9A802FDDB6} = {59219356-E091-4DFA-9959-21D23C0A9F58}
		{1BB8EB8B-360E-4644-9D79-C3C5D140A058} = {59219356-E091-4DFA-9959-21D23C0A9F58}
		{844FD7C7-F64A-4F31-A8CB-C2AE9E940C02} = {E8D35872-2F64-439C-8CB2-0CA5ADC23DE4}
		{01D9A768-77B7-40DE-8CB4-A69995DC17B7} = {E8D35872-2F64-439C-8CB2-0CA5ADC23DE4}
		{CEEAA133-9A24-4A52-A8D7-A14E48B0590B} = {E8D35872-2F64-439C-8CB2-0CA5ADC23DE4}
		{EF29ACCB-2331-4103-90D0-03CD01B3AF5C} = {498E9FF3-40F1-414C-AC4B-5260B75D0E73}
		{725D5BFC-EC44-4C7B-AD90-886B99E7B298} = {498E9FF3-40F1-414C-AC4B-5260B75D0E73}
		{77308B33-AC5C-4DC8-B212-A93926EE4CE2} = {498E9FF3-40F1-414C-AC4B-5260B75D0E73}
		{EA690A17-BDD6-4FAD-B696-EAAB2F76FB30} = {498E9FF3-40F1-414C-AC4B-5260B75D0E73}
		{87BBC3CE-E330-4DD4-9C6A-F539DC5A5C7E} = {498E9FF3-40F1-414C-AC4B-5260B75D0E73}
		{C7BFA0FF-CE1A-4324-80D5-D69D2C93681E} = {498E9FF3-40F1-414C-AC4B-5260B75D0E73}
		{E4295A72-BCEF-4E78-B491-81ED33AD977B} = {498E9FF3-40F1-414C-AC4B-5260B75D0E73}
		{023D22CF-9FCB-4AF6-9FA6-D035DD2FEA1B} = {498E9FF3-40F1-414C-AC4B-5260B75D0E73}
		{05A4E33A-0C66-4E75-9616-53B67986A928} = {15D75BAE-6EA3-483A-ABB9-7F871AF32661}
		{41D80136-1647-41CC-9A55-3CDFE63305D9} = {15D75BAE-6EA3-483A-ABB9-7F871AF32661}
		{90787858-AD7D-4A2A-A382-5E0E26A31282} = {9B893321-19F7-47E0-9AEC-C72E88F08CF5}
		{3C4AE6C9-3C86-4C87-B00F-0BA26FF673FC} = {9B893321-19F7-47E0-9AEC-C72E88F08CF5}
		{6D3F52E4-13AB-46C0-A3B8-7499D666782D} = {83A5F25C-7D5A-46FC-BBB8-3F19501A4DB1}
		{B64F3E04-E0EA-4FA0-A7EF-3ADC73C86A6A} = {83A5F25C-7D5A-46FC-BBB8-3F19501A4DB1}
		{2E54CB81-190A-4F82-8E23-3907CDF176B5} = {83A5F25C-7D5A-46FC-BBB8-3F19501A4DB1}
		{0689D648-C9BD-471C-B1ED-1F857FFBA3EA} = {280CE628-03DF-45AE-AB0F-DF3BC67C1108}
	EndGlobalSection
EndGlobal
